
Microsoft Visual Studio Solution File, Format Version 12.00
# Visual Studio 15
VisualStudioVersion = 15.0.27428.2005
MinimumVisualStudioVersion = 10.0.40219.1
Project("{8BC9CEB8-8B4A-11D0-8D11-00A0C91BC942}") = "Project13", "Project13\Project13.vcxproj", "{8C07790A-2DB8-46D5-9B55-20B1A576FDC7}"
EndProject
Global
	GlobalSection(SolutionConfigurationPlatforms) = preSolution
		Debug|x64 = Debug|x64
		Debug|x86 = Debug|x86
		Release|x64 = Release|x64
		Release|x86 = Release|x86
	EndGlobalSection
	GlobalSection(ProjectConfigurationPlatforms) = postSolution
		{8C07790A-2DB8-46D5-9B55-20B1A576FDC7}.Debug|x64.ActiveCfg = Debug|x64
		{8C07790A-2DB8-46D5-9B55-20B1A576FDC7}.Debug|x64.Build.0 = Debug|x64
		{8C07790A-2DB8-46D5-9B55-20B1A576FDC7}.Debug|x86.ActiveCfg = Debug|Win32
		{8C07790A-2DB8-46D5-9B55-20B1A576FDC7}.Debug|x86.Build.0 = Debug|Win32
		{8C07790A-2DB8-46D5-9B55-20B1A576FDC7}.Release|x64.ActiveCfg = Release|x64
		{8C07790A-2DB8-46D5-9B55-20B1A576FDC7}.Release|x64.Build.0 = Release|x64
		{8C07790A-2DB8-46D5-9B55-20B1A576FDC7}.Release|x86.ActiveCfg = Release|Win32
		{8C07790A-2DB8-46D5-9B55-20B1A576FDC7}.Release|x86.Build.0 = Release|Win32
	EndGlobalSection
	GlobalSection(SolutionProperties) = preSolution
		HideSolutionNode = FALSE
	EndGlobalSection
	GlobalSection(ExtensibilityGlobals) = postSolution
		SolutionGuid = {9B6CC1FC-9CCD-4747-AC00-19B79CBF7FBC}
	EndGlobalSection
EndGlobal
