
Microsoft Visual Studio Solution File, Format Version 12.00
# Visual Studio 15
VisualStudioVersion = 15.0.27428.2015
MinimumVisualStudioVersion = 10.0.40219.1
Project("{8BC9CEB8-8B4A-11D0-8D11-00A0C91BC942}") = "Task 7", "Task 7\Task 7.vcxproj", "{9174E2EA-7366-43C1-8E44-7E45DC5A708D}"
EndProject
Global
	GlobalSection(SolutionConfigurationPlatforms) = preSolution
		Debug|x64 = Debug|x64
		Debug|x86 = Debug|x86
		Release|x64 = Release|x64
		Release|x86 = Release|x86
	EndGlobalSection
	GlobalSection(ProjectConfigurationPlatforms) = postSolution
		{9174E2EA-7366-43C1-8E44-7E45DC5A708D}.Debug|x64.ActiveCfg = Debug|x64
		{9174E2EA-7366-43C1-8E44-7E45DC5A708D}.Debug|x64.Build.0 = Debug|x64
		{9174E2EA-7366-43C1-8E44-7E45DC5A708D}.Debug|x86.ActiveCfg = Debug|Win32
		{9174E2EA-7366-43C1-8E44-7E45DC5A708D}.Debug|x86.Build.0 = Debug|Win32
		{9174E2EA-7366-43C1-8E44-7E45DC5A708D}.Release|x64.ActiveCfg = Release|x64
		{9174E2EA-7366-43C1-8E44-7E45DC5A708D}.Release|x64.Build.0 = Release|x64
		{9174E2EA-7366-43C1-8E44-7E45DC5A708D}.Release|x86.ActiveCfg = Release|Win32
		{9174E2EA-7366-43C1-8E44-7E45DC5A708D}.Release|x86.Build.0 = Release|Win32
	EndGlobalSection
	GlobalSection(SolutionProperties) = preSolution
		HideSolutionNode = FALSE
	EndGlobalSection
	GlobalSection(ExtensibilityGlobals) = postSolution
		SolutionGuid = {F63A616A-A3D8-49D1-BEAD-DD6CDC4E9D4B}
	EndGlobalSection
EndGlobal
